
Microsoft Visual Studio Solution File, Format Version 12.00
# Visual Studio 15
VisualStudioVersion = 15.0.26906.1
MinimumVisualStudioVersion = 10.0.40219.1
Project("{8BC9CEB8-8B4A-11D0-8D11-00A0C91BC942}") = "Sink", "Sink\Sink.vcxproj", "{D1C8A710-1303-48BB-91A8-064A2C98879D}"
EndProject
Project("{FAE04EC0-301F-11D3-BF4B-00C04F79EFBC}") = "PingFlood", "PingFlood\PingFlood.csproj", "{6A067724-1FE2-4361-AB66-67F15EF6B067}"
EndProject
Project("{9A19103F-16F7-4668-BE54-9A1E7A4F7556}") = "Kres.Man", "Kres.Man\Kres.Man.csproj", "{121E0CA9-7322-4D9F-ADD5-9AB677A7AAD2}"
EndProject
Project("{8BC9CEB8-8B4A-11D0-8D11-00A0C91BC942}") = "KresModuleTest", "KresModuleTest\KresModuleTest.vcxproj", "{E0BDAA0C-9936-48A1-9166-0D051CD1D959}"
EndProject
Global
	GlobalSection(SolutionConfigurationPlatforms) = preSolution
		Debug|Any CPU = Debug|Any CPU
		Debug|ARM = Debug|ARM
		Debug|x64 = Debug|x64
		Debug|x86 = Debug|x86
		Release|Any CPU = Release|Any CPU
		Release|ARM = Release|ARM
		Release|x64 = Release|x64
		Release|x86 = Release|x86
	EndGlobalSection
	GlobalSection(ProjectConfigurationPlatforms) = postSolution
		{D1C8A710-1303-48BB-91A8-064A2C98879D}.Debug|Any CPU.ActiveCfg = Debug|Win32
		{D1C8A710-1303-48BB-91A8-064A2C98879D}.Debug|ARM.ActiveCfg = Debug|Win32
		{D1C8A710-1303-48BB-91A8-064A2C98879D}.Debug|x64.ActiveCfg = Debug|x64
		{D1C8A710-1303-48BB-91A8-064A2C98879D}.Debug|x64.Build.0 = Debug|x64
		{D1C8A710-1303-48BB-91A8-064A2C98879D}.Debug|x86.ActiveCfg = Debug|Win32
		{D1C8A710-1303-48BB-91A8-064A2C98879D}.Debug|x86.Build.0 = Debug|Win32
		{D1C8A710-1303-48BB-91A8-064A2C98879D}.Release|Any CPU.ActiveCfg = Release|Win32
		{D1C8A710-1303-48BB-91A8-064A2C98879D}.Release|ARM.ActiveCfg = Release|Win32
		{D1C8A710-1303-48BB-91A8-064A2C98879D}.Release|x64.ActiveCfg = Release|x64
		{D1C8A710-1303-48BB-91A8-064A2C98879D}.Release|x64.Build.0 = Release|x64
		{D1C8A710-1303-48BB-91A8-064A2C98879D}.Release|x86.ActiveCfg = Release|Win32
		{D1C8A710-1303-48BB-91A8-064A2C98879D}.Release|x86.Build.0 = Release|Win32
		{6A067724-1FE2-4361-AB66-67F15EF6B067}.Debug|Any CPU.ActiveCfg = Debug|Any CPU
		{6A067724-1FE2-4361-AB66-67F15EF6B067}.Debug|Any CPU.Build.0 = Debug|Any CPU
		{6A067724-1FE2-4361-AB66-67F15EF6B067}.Debug|ARM.ActiveCfg = Debug|Any CPU
		{6A067724-1FE2-4361-AB66-67F15EF6B067}.Debug|ARM.Build.0 = Debug|Any CPU
		{6A067724-1FE2-4361-AB66-67F15EF6B067}.Debug|x64.ActiveCfg = Debug|Any CPU
		{6A067724-1FE2-4361-AB66-67F15EF6B067}.Debug|x64.Build.0 = Debug|Any CPU
		{6A067724-1FE2-4361-AB66-67F15EF6B067}.Debug|x86.ActiveCfg = Debug|Any CPU
		{6A067724-1FE2-4361-AB66-67F15EF6B067}.Debug|x86.Build.0 = Debug|Any CPU
		{6A067724-1FE2-4361-AB66-67F15EF6B067}.Release|Any CPU.ActiveCfg = Release|Any CPU
		{6A067724-1FE2-4361-AB66-67F15EF6B067}.Release|Any CPU.Build.0 = Release|Any CPU
		{6A067724-1FE2-4361-AB66-67F15EF6B067}.Release|ARM.ActiveCfg = Release|Any CPU
		{6A067724-1FE2-4361-AB66-67F15EF6B067}.Release|ARM.Build.0 = Release|Any CPU
		{6A067724-1FE2-4361-AB66-67F15EF6B067}.Release|x64.ActiveCfg = Release|Any CPU
		{6A067724-1FE2-4361-AB66-67F15EF6B067}.Release|x64.Build.0 = Release|Any CPU
		{6A067724-1FE2-4361-AB66-67F15EF6B067}.Release|x86.ActiveCfg = Release|Any CPU
		{6A067724-1FE2-4361-AB66-67F15EF6B067}.Release|x86.Build.0 = Release|Any CPU
		{121E0CA9-7322-4D9F-ADD5-9AB677A7AAD2}.Debug|Any CPU.ActiveCfg = Debug|Any CPU
		{121E0CA9-7322-4D9F-ADD5-9AB677A7AAD2}.Debug|Any CPU.Build.0 = Debug|Any CPU
		{121E0CA9-7322-4D9F-ADD5-9AB677A7AAD2}.Debug|ARM.ActiveCfg = Debug|Any CPU
		{121E0CA9-7322-4D9F-ADD5-9AB677A7AAD2}.Debug|ARM.Build.0 = Debug|Any CPU
		{121E0CA9-7322-4D9F-ADD5-9AB677A7AAD2}.Debug|x64.ActiveCfg = Debug|Any CPU
		{121E0CA9-7322-4D9F-ADD5-9AB677A7AAD2}.Debug|x64.Build.0 = Debug|Any CPU
		{121E0CA9-7322-4D9F-ADD5-9AB677A7AAD2}.Debug|x86.ActiveCfg = Debug|Any CPU
		{121E0CA9-7322-4D9F-ADD5-9AB677A7AAD2}.Debug|x86.Build.0 = Debug|Any CPU
		{121E0CA9-7322-4D9F-ADD5-9AB677A7AAD2}.Release|Any CPU.ActiveCfg = Release|Any CPU
		{121E0CA9-7322-4D9F-ADD5-9AB677A7AAD2}.Release|Any CPU.Build.0 = Release|Any CPU
		{121E0CA9-7322-4D9F-ADD5-9AB677A7AAD2}.Release|ARM.ActiveCfg = Release|Any CPU
		{121E0CA9-7322-4D9F-ADD5-9AB677A7AAD2}.Release|ARM.Build.0 = Release|Any CPU
		{121E0CA9-7322-4D9F-ADD5-9AB677A7AAD2}.Release|x64.ActiveCfg = Release|Any CPU
		{121E0CA9-7322-4D9F-ADD5-9AB677A7AAD2}.Release|x64.Build.0 = Release|Any CPU
		{121E0CA9-7322-4D9F-ADD5-9AB677A7AAD2}.Release|x86.ActiveCfg = Release|Any CPU
		{121E0CA9-7322-4D9F-ADD5-9AB677A7AAD2}.Release|x86.Build.0 = Release|Any CPU
		{E0BDAA0C-9936-48A1-9166-0D051CD1D959}.Debug|Any CPU.ActiveCfg = Debug|x86
		{E0BDAA0C-9936-48A1-9166-0D051CD1D959}.Debug|ARM.ActiveCfg = Debug|ARM
		{E0BDAA0C-9936-48A1-9166-0D051CD1D959}.Debug|ARM.Build.0 = Debug|ARM
		{E0BDAA0C-9936-48A1-9166-0D051CD1D959}.Debug|x64.ActiveCfg = Debug|x64
		{E0BDAA0C-9936-48A1-9166-0D051CD1D959}.Debug|x64.Build.0 = Debug|x64
		{E0BDAA0C-9936-48A1-9166-0D051CD1D959}.Debug|x86.ActiveCfg = Debug|x86
		{E0BDAA0C-9936-48A1-9166-0D051CD1D959}.Debug|x86.Build.0 = Debug|x86
		{E0BDAA0C-9936-48A1-9166-0D051CD1D959}.Release|Any CPU.ActiveCfg = Release|x86
		{E0BDAA0C-9936-48A1-9166-0D051CD1D959}.Release|ARM.ActiveCfg = Release|ARM
		{E0BDAA0C-9936-48A1-9166-0D051CD1D959}.Release|ARM.Build.0 = Release|ARM
		{E0BDAA0C-9936-48A1-9166-0D051CD1D959}.Release|x64.ActiveCfg = Release|x64
		{E0BDAA0C-9936-48A1-9166-0D051CD1D959}.Release|x64.Build.0 = Release|x64
		{E0BDAA0C-9936-48A1-9166-0D051CD1D959}.Release|x86.ActiveCfg = Release|x86
		{E0BDAA0C-9936-48A1-9166-0D051CD1D959}.Release|x86.Build.0 = Release|x86
	EndGlobalSection
	GlobalSection(SolutionProperties) = preSolution
		HideSolutionNode = FALSE
	EndGlobalSection
	GlobalSection(ExtensibilityGlobals) = postSolution
		SolutionGuid = {0FEDEB2B-6BFD-47B7-8CA1-7CCAD859FC5B}
	EndGlobalSection
EndGlobal
